
Microsoft Visual Studio Solution File, Format Version 12.00
# Visual Studio 15
VisualStudioVersion = 15.0.26124.0
MinimumVisualStudioVersion = 15.0.26124.0
Project("{F2A71F9B-5D33-465A-A702-920D77279786}") = "Sizy", "Sizy\Sizy.fsproj", "{D5DAE646-4E23-4944-956F-0230B617DBA5}"
EndProject
Project("{F2A71F9B-5D33-465A-A702-920D77279786}") = "Sizy.Tests", "Sizy.Tests\Sizy.Tests.fsproj", "{D30034BD-BD41-4D35-A335-51BB54127CEB}"
EndProject
Global
	GlobalSection(SolutionConfigurationPlatforms) = preSolution
		Debug|Any CPU = Debug|Any CPU
		Debug|x64 = Debug|x64
		Debug|x86 = Debug|x86
		Release|Any CPU = Release|Any CPU
		Release|x64 = Release|x64
		Release|x86 = Release|x86
	EndGlobalSection
	GlobalSection(SolutionProperties) = preSolution
		HideSolutionNode = FALSE
	EndGlobalSection
	GlobalSection(ProjectConfigurationPlatforms) = postSolution
		{D5DAE646-4E23-4944-956F-0230B617DBA5}.Debug|Any CPU.ActiveCfg = Debug|Any CPU
		{D5DAE646-4E23-4944-956F-0230B617DBA5}.Debug|Any CPU.Build.0 = Debug|Any CPU
		{D5DAE646-4E23-4944-956F-0230B617DBA5}.Debug|x64.ActiveCfg = Debug|Any CPU
		{D5DAE646-4E23-4944-956F-0230B617DBA5}.Debug|x64.Build.0 = Debug|Any CPU
		{D5DAE646-4E23-4944-956F-0230B617DBA5}.Debug|x86.ActiveCfg = Debug|Any CPU
		{D5DAE646-4E23-4944-956F-0230B617DBA5}.Debug|x86.Build.0 = Debug|Any CPU
		{D5DAE646-4E23-4944-956F-0230B617DBA5}.Release|Any CPU.ActiveCfg = Release|Any CPU
		{D5DAE646-4E23-4944-956F-0230B617DBA5}.Release|Any CPU.Build.0 = Release|Any CPU
		{D5DAE646-4E23-4944-956F-0230B617DBA5}.Release|x64.ActiveCfg = Release|Any CPU
		{D5DAE646-4E23-4944-956F-0230B617DBA5}.Release|x64.Build.0 = Release|Any CPU
		{D5DAE646-4E23-4944-956F-0230B617DBA5}.Release|x86.ActiveCfg = Release|Any CPU
		{D5DAE646-4E23-4944-956F-0230B617DBA5}.Release|x86.Build.0 = Release|Any CPU
		{D30034BD-BD41-4D35-A335-51BB54127CEB}.Debug|Any CPU.ActiveCfg = Debug|Any CPU
		{D30034BD-BD41-4D35-A335-51BB54127CEB}.Debug|Any CPU.Build.0 = Debug|Any CPU
		{D30034BD-BD41-4D35-A335-51BB54127CEB}.Debug|x64.ActiveCfg = Debug|Any CPU
		{D30034BD-BD41-4D35-A335-51BB54127CEB}.Debug|x64.Build.0 = Debug|Any CPU
		{D30034BD-BD41-4D35-A335-51BB54127CEB}.Debug|x86.ActiveCfg = Debug|Any CPU
		{D30034BD-BD41-4D35-A335-51BB54127CEB}.Debug|x86.Build.0 = Debug|Any CPU
		{D30034BD-BD41-4D35-A335-51BB54127CEB}.Release|Any CPU.ActiveCfg = Release|Any CPU
		{D30034BD-BD41-4D35-A335-51BB54127CEB}.Release|Any CPU.Build.0 = Release|Any CPU
		{D30034BD-BD41-4D35-A335-51BB54127CEB}.Release|x64.ActiveCfg = Release|Any CPU
		{D30034BD-BD41-4D35-A335-51BB54127CEB}.Release|x64.Build.0 = Release|Any CPU
		{D30034BD-BD41-4D35-A335-51BB54127CEB}.Release|x86.ActiveCfg = Release|Any CPU
		{D30034BD-BD41-4D35-A335-51BB54127CEB}.Release|x86.Build.0 = Release|Any CPU
	EndGlobalSection
EndGlobal
